
Microsoft Visual Studio Solution File, Format Version 12.00
# Visual Studio Version 17
VisualStudioVersion = 17.7.34221.43
MinimumVisualStudioVersion = 10.0.40219.1
Project("{F184B08F-C81C-45F6-A57F-5ABD9991F28F}") = "Parcial2ProgaII", "Parcial2ProgaII.vbproj", "{86BCB662-60E4-4218-8D58-20AA332FF759}"
EndProject
Global
	GlobalSection(SolutionConfigurationPlatforms) = preSolution
		Debug|Any CPU = Debug|Any CPU
		Release|Any CPU = Release|Any CPU
	EndGlobalSection
	GlobalSection(ProjectConfigurationPlatforms) = postSolution
		{86BCB662-60E4-4218-8D58-20AA332FF759}.Debug|Any CPU.ActiveCfg = Debug|Any CPU
		{86BCB662-60E4-4218-8D58-20AA332FF759}.Debug|Any CPU.Build.0 = Debug|Any CPU
		{86BCB662-60E4-4218-8D58-20AA332FF759}.Release|Any CPU.ActiveCfg = Release|Any CPU
		{86BCB662-60E4-4218-8D58-20AA332FF759}.Release|Any CPU.Build.0 = Release|Any CPU
	EndGlobalSection
	GlobalSection(SolutionProperties) = preSolution
		HideSolutionNode = FALSE
	EndGlobalSection
	GlobalSection(ExtensibilityGlobals) = postSolution
		SolutionGuid = {A7D52A0F-D680-46B9-9D35-15A482E96F93}
	EndGlobalSection
EndGlobal
